{
	"name": "LolaPlanner",
	"version": "1.0.0",
	"lockfileVersion": 1,
	"requires": true,
	"dependencies": {
		"next-apollo-provider": {
			"version": "0.0.7",
			"resolved": "https://registry.npmjs.org/next-apollo-provider/-/next-apollo-provider-0.0.7.tgz",
			"integrity": "sha1-1e/hWJaZSG7zPS5dvVwmRkK0KfE="
		}
	}
}
